
Microsoft Visual Studio Solution File, Format Version 12.00
# Visual Studio 15
VisualStudioVersion = 15.0.28307.779
MinimumVisualStudioVersion = 10.0.40219.1
Project("{FAE04EC0-301F-11D3-BF4B-00C04F79EFBC}") = "GZipCryptographyUtil", "GZipCryptographyUtil\GZipCryptographyUtil.csproj", "{35AB20AE-EE49-4DA8-BBFD-82A2695F2E5E}"
EndProject
Project("{54435603-DBB4-11D2-8724-00A0C9A8B90C}") = "GZipCryptographyUtil_Setup", "SetUp\Setup.vdproj", "{496A72A8-CCE8-4918-B64C-F3C611F1178F}"
EndProject
Global
	GlobalSection(SolutionConfigurationPlatforms) = preSolution
		Debug|Any CPU = Debug|Any CPU
		Debug|x64 = Debug|x64
		Release|Any CPU = Release|Any CPU
		Release|x64 = Release|x64
	EndGlobalSection
	GlobalSection(ProjectConfigurationPlatforms) = postSolution
		{35AB20AE-EE49-4DA8-BBFD-82A2695F2E5E}.Debug|Any CPU.ActiveCfg = Debug|Any CPU
		{35AB20AE-EE49-4DA8-BBFD-82A2695F2E5E}.Debug|Any CPU.Build.0 = Debug|Any CPU
		{35AB20AE-EE49-4DA8-BBFD-82A2695F2E5E}.Debug|x64.ActiveCfg = Debug|x64
		{35AB20AE-EE49-4DA8-BBFD-82A2695F2E5E}.Debug|x64.Build.0 = Debug|x64
		{35AB20AE-EE49-4DA8-BBFD-82A2695F2E5E}.Release|Any CPU.ActiveCfg = Release|Any CPU
		{35AB20AE-EE49-4DA8-BBFD-82A2695F2E5E}.Release|Any CPU.Build.0 = Release|Any CPU
		{35AB20AE-EE49-4DA8-BBFD-82A2695F2E5E}.Release|x64.ActiveCfg = Release|x64
		{35AB20AE-EE49-4DA8-BBFD-82A2695F2E5E}.Release|x64.Build.0 = Release|x64
		{496A72A8-CCE8-4918-B64C-F3C611F1178F}.Debug|Any CPU.ActiveCfg = Debug
		{496A72A8-CCE8-4918-B64C-F3C611F1178F}.Debug|Any CPU.Build.0 = Debug
		{496A72A8-CCE8-4918-B64C-F3C611F1178F}.Debug|x64.ActiveCfg = Debug
		{496A72A8-CCE8-4918-B64C-F3C611F1178F}.Debug|x64.Build.0 = Debug
		{496A72A8-CCE8-4918-B64C-F3C611F1178F}.Release|Any CPU.ActiveCfg = Release
		{496A72A8-CCE8-4918-B64C-F3C611F1178F}.Release|Any CPU.Build.0 = Release
		{496A72A8-CCE8-4918-B64C-F3C611F1178F}.Release|x64.ActiveCfg = Release
		{496A72A8-CCE8-4918-B64C-F3C611F1178F}.Release|x64.Build.0 = Release
	EndGlobalSection
	GlobalSection(SolutionProperties) = preSolution
		HideSolutionNode = FALSE
	EndGlobalSection
	GlobalSection(ExtensibilityGlobals) = postSolution
		SolutionGuid = {5AE5F1DC-806C-4097-B903-84A73F171BB4}
	EndGlobalSection
	GlobalSection(TeamFoundationVersionControl) = preSolution
		SccNumberOfProjects = 3
		SccEnterpriseProvider = {4CA58AB2-18FA-4F8D-95D4-32DDF27D184C}
		SccTeamFoundationServer = https://payerportfolio.visualstudio.com/
		SccLocalPath0 = .
		SccProjectUniqueName1 = GZipCryptographyUtil\\GZipCryptographyUtil.csproj
		SccProjectName1 = GZipCryptographyUtil
		SccLocalPath1 = GZipCryptographyUtil
		SccProjectUniqueName2 = SetUp\\Setup.vdproj
		SccProjectName2 = SetUp
		SccLocalPath2 = SetUp
	EndGlobalSection
EndGlobal
