
Microsoft Visual Studio Solution File, Format Version 12.00
# Visual Studio Version 17
VisualStudioVersion = 17.3.32825.248
MinimumVisualStudioVersion = 10.0.40219.1
Project("{FAE04EC0-301F-11D3-BF4B-00C04F79EFBC}") = "AddressDoctorTest", "AddressDoctorTest\AddressDoctorTest.csproj", "{C15CD982-F081-4A86-9DCA-ACE1C60FBFBC}"
EndProject
Global
	GlobalSection(SolutionConfigurationPlatforms) = preSolution
		Debug|Any CPU = Debug|Any CPU
		Release|Any CPU = Release|Any CPU
	EndGlobalSection
	GlobalSection(ProjectConfigurationPlatforms) = postSolution
		{C15CD982-F081-4A86-9DCA-ACE1C60FBFBC}.Debug|Any CPU.ActiveCfg = Debug|Any CPU
		{C15CD982-F081-4A86-9DCA-ACE1C60FBFBC}.Debug|Any CPU.Build.0 = Debug|Any CPU
		{C15CD982-F081-4A86-9DCA-ACE1C60FBFBC}.Release|Any CPU.ActiveCfg = Release|Any CPU
		{C15CD982-F081-4A86-9DCA-ACE1C60FBFBC}.Release|Any CPU.Build.0 = Release|Any CPU
	EndGlobalSection
	GlobalSection(SolutionProperties) = preSolution
		HideSolutionNode = FALSE
	EndGlobalSection
	GlobalSection(ExtensibilityGlobals) = postSolution
		SolutionGuid = {0C29DEE5-B154-4CAA-AF30-CDD28E56A4D3}
	EndGlobalSection
EndGlobal
