
Microsoft Visual Studio Solution File, Format Version 12.00
# Visual Studio Version 17
VisualStudioVersion = 17.3.32825.248
MinimumVisualStudioVersion = 10.0.40219.1
Project("{9A19103F-16F7-4668-BE54-9A1E7A4F7556}") = "UnityToAutoFac", "UnityToAutoFac\UnityToAutoFac.csproj", "{6F03A0A7-017D-43D0-967D-54E7DB648353}"
EndProject
Global
	GlobalSection(SolutionConfigurationPlatforms) = preSolution
		Debug|Any CPU = Debug|Any CPU
		Release|Any CPU = Release|Any CPU
	EndGlobalSection
	GlobalSection(ProjectConfigurationPlatforms) = postSolution
		{6F03A0A7-017D-43D0-967D-54E7DB648353}.Debug|Any CPU.ActiveCfg = Debug|Any CPU
		{6F03A0A7-017D-43D0-967D-54E7DB648353}.Debug|Any CPU.Build.0 = Debug|Any CPU
		{6F03A0A7-017D-43D0-967D-54E7DB648353}.Release|Any CPU.ActiveCfg = Release|Any CPU
		{6F03A0A7-017D-43D0-967D-54E7DB648353}.Release|Any CPU.Build.0 = Release|Any CPU
	EndGlobalSection
	GlobalSection(SolutionProperties) = preSolution
		HideSolutionNode = FALSE
	EndGlobalSection
	GlobalSection(ExtensibilityGlobals) = postSolution
		SolutionGuid = {7BCCAD44-EE7C-41D2-8CD9-BE38CCF7397D}
	EndGlobalSection
	GlobalSection(TeamFoundationVersionControl) = preSolution
		SccNumberOfProjects = 2
		SccEnterpriseProvider = {4CA58AB2-18FA-4F8D-95D4-32DDF27D184C}
		SccTeamFoundationServer = https://payerportfolio.visualstudio.com/
		SccLocalPath0 = .
		SccProjectUniqueName1 = UnityToAutoFac\\UnityToAutoFac.csproj
		SccProjectName1 = UnityToAutoFac
		SccLocalPath1 = UnityToAutoFac
	EndGlobalSection
EndGlobal
