
Microsoft Visual Studio Solution File, Format Version 12.00
# Visual Studio 15
VisualStudioVersion = 15.0.27130.2036
MinimumVisualStudioVersion = 10.0.40219.1
Project("{FAE04EC0-301F-11D3-BF4B-00C04F79EFBC}") = "WorkflowInstanceCleanupUtil", "WorkflowInstanceCleanupUtil\WorkflowInstanceCleanupUtil.csproj", "{CF3E2D50-98EC-43AB-9615-9381231C7872}"
EndProject
Project("{2150E333-8FDC-42A3-9474-1A3956D46DE8}") = "Solution Items", "Solution Items", "{93B29C66-805A-4D57-AE1C-5C41E765DA90}"
	ProjectSection(SolutionItems) = preProject
		nuget.config = nuget.config
	EndProjectSection
EndProject
Global
	GlobalSection(SolutionConfigurationPlatforms) = preSolution
		Debug|Any CPU = Debug|Any CPU
		Release|Any CPU = Release|Any CPU
	EndGlobalSection
	GlobalSection(ProjectConfigurationPlatforms) = postSolution
		{CF3E2D50-98EC-43AB-9615-9381231C7872}.Debug|Any CPU.ActiveCfg = Debug|Any CPU
		{CF3E2D50-98EC-43AB-9615-9381231C7872}.Debug|Any CPU.Build.0 = Debug|Any CPU
		{CF3E2D50-98EC-43AB-9615-9381231C7872}.Release|Any CPU.ActiveCfg = Release|Any CPU
		{CF3E2D50-98EC-43AB-9615-9381231C7872}.Release|Any CPU.Build.0 = Release|Any CPU
	EndGlobalSection
	GlobalSection(SolutionProperties) = preSolution
		HideSolutionNode = FALSE
	EndGlobalSection
	GlobalSection(ExtensibilityGlobals) = postSolution
		SolutionGuid = {E1ED29EB-297C-4752-BBAA-F3C527FAD6D2}
	EndGlobalSection
	GlobalSection(TeamFoundationVersionControl) = preSolution
		SccNumberOfProjects = 1
		SccEnterpriseProvider = {4CA58AB2-18FA-4F8D-95D4-32DDF27D184C}
		SccTeamFoundationServer = https://PayerPortfolio.visualstudio.com/
		SccLocalPath0 = .
	EndGlobalSection
EndGlobal
