
Microsoft Visual Studio Solution File, Format Version 12.00
# Visual Studio 15
VisualStudioVersion = 15.0.28307.852
MinimumVisualStudioVersion = 10.0.40219.1
Project("{9A19103F-16F7-4668-BE54-9A1E7A4F7556}") = "WindowsIdentityHelper", "WindowsIdentityHelper.csproj", "{BEFF5398-50E8-42AE-8EBA-099BE7295529}"
EndProject
Global
	GlobalSection(SolutionConfigurationPlatforms) = preSolution
		Debug|Any CPU = Debug|Any CPU
		Release|Any CPU = Release|Any CPU
	EndGlobalSection
	GlobalSection(ProjectConfigurationPlatforms) = postSolution
		{BEFF5398-50E8-42AE-8EBA-099BE7295529}.Debug|Any CPU.ActiveCfg = Debug|Any CPU
		{BEFF5398-50E8-42AE-8EBA-099BE7295529}.Debug|Any CPU.Build.0 = Debug|Any CPU
		{BEFF5398-50E8-42AE-8EBA-099BE7295529}.Release|Any CPU.ActiveCfg = Release|Any CPU
		{BEFF5398-50E8-42AE-8EBA-099BE7295529}.Release|Any CPU.Build.0 = Release|Any CPU
	EndGlobalSection
	GlobalSection(SolutionProperties) = preSolution
		HideSolutionNode = FALSE
	EndGlobalSection
	GlobalSection(ExtensibilityGlobals) = postSolution
		SolutionGuid = {7E6E2874-493E-46D7-8252-8300110BFAA2}
	EndGlobalSection
	GlobalSection(TeamFoundationVersionControl) = preSolution
		SccNumberOfProjects = 1
		SccEnterpriseProvider = {4CA58AB2-18FA-4F8D-95D4-32DDF27D184C}
		SccTeamFoundationServer = https://payerportfolio.visualstudio.com/
		SccProjectUniqueName0 = WindowsIdentityHelper.csproj
		SccProjectName0 = .
		SccAuxPath0 = https://payerportfolio.visualstudio.com
		SccLocalPath0 = .
		SccProvider0 = {4CA58AB2-18FA-4F8D-95D4-32DDF27D184C}
	EndGlobalSection
EndGlobal
