
Microsoft Visual Studio Solution File, Format Version 12.00
# Visual Studio Version 16
VisualStudioVersion = 16.0.31911.196
MinimumVisualStudioVersion = 10.0.40219.1
Project("{FAE04EC0-301F-11D3-BF4B-00C04F79EFBC}") = "SQLToTaskConverter", "ConvertTagCSVToJSON\SQLToTaskConverter.csproj", "{3C0FF36C-7911-44BF-9A6A-0F6A10A6EC61}"
EndProject
Global
	GlobalSection(SolutionConfigurationPlatforms) = preSolution
		Debug|Any CPU = Debug|Any CPU
		Debug|x64 = Debug|x64
		Release|Any CPU = Release|Any CPU
		Release|x64 = Release|x64
	EndGlobalSection
	GlobalSection(ProjectConfigurationPlatforms) = postSolution
		{3C0FF36C-7911-44BF-9A6A-0F6A10A6EC61}.Debug|Any CPU.ActiveCfg = Debug|Any CPU
		{3C0FF36C-7911-44BF-9A6A-0F6A10A6EC61}.Debug|Any CPU.Build.0 = Debug|Any CPU
		{3C0FF36C-7911-44BF-9A6A-0F6A10A6EC61}.Debug|x64.ActiveCfg = Debug|x64
		{3C0FF36C-7911-44BF-9A6A-0F6A10A6EC61}.Debug|x64.Build.0 = Debug|x64
		{3C0FF36C-7911-44BF-9A6A-0F6A10A6EC61}.Release|Any CPU.ActiveCfg = Release|Any CPU
		{3C0FF36C-7911-44BF-9A6A-0F6A10A6EC61}.Release|Any CPU.Build.0 = Release|Any CPU
		{3C0FF36C-7911-44BF-9A6A-0F6A10A6EC61}.Release|x64.ActiveCfg = Release|x64
		{3C0FF36C-7911-44BF-9A6A-0F6A10A6EC61}.Release|x64.Build.0 = Release|x64
	EndGlobalSection
	GlobalSection(SolutionProperties) = preSolution
		HideSolutionNode = FALSE
	EndGlobalSection
	GlobalSection(ExtensibilityGlobals) = postSolution
		SolutionGuid = {F5D7A401-48F0-4BB7-8D56-19AC3AF10271}
	EndGlobalSection
	GlobalSection(TeamFoundationVersionControl) = preSolution
		SccNumberOfProjects = 2
		SccEnterpriseProvider = {4CA58AB2-18FA-4F8D-95D4-32DDF27D184C}
		SccTeamFoundationServer = https://payerportfolio.visualstudio.com/
		SccLocalPath0 = .
		SccProjectUniqueName1 = ConvertTagCSVToJSON\\SQLToTaskConverter.csproj
		SccProjectName1 = ConvertTagCSVToJSON
		SccLocalPath1 = ConvertTagCSVToJSON
	EndGlobalSection
EndGlobal
