Microsoft Visual Studio Solution File, Format Version 12.00
# Visual Studio 15
VisualStudioVersion = 15.0.27428.2037
MinimumVisualStudioVersion = 10.0.40219.1
Project("{FAE04EC0-301F-11D3-BF4B-00C04F79EFBC}") = "UserAccountMigration", "UserAccountMigration.csproj", "{F32DB387-E23A-4D4C-8E1E-1651ABF55E01}"
EndProject
Project("{2150E333-8FDC-42A3-9474-1A3956D46DE8}") = "Example Files", "Example Files", "{2F80C5F2-D38F-4FFC-8926-848EEF78358A}"
	ProjectSection(SolutionItems) = preProject
		Delegates.csv = Delegates.csv
		Providers.csv = Providers.csv
		UserXrefs.csv = UserXrefs.csv
	EndProjectSection
EndProject
Project("{2150E333-8FDC-42A3-9474-1A3956D46DE8}") = "Solution Items", "Solution Items", "{D34EC8B9-E214-4DA6-9355-3329DA83BE46}"
	ProjectSection(SolutionItems) = preProject
		nuget.config = nuget.config
	EndProjectSection
EndProject
Global
	GlobalSection(SolutionConfigurationPlatforms) = preSolution
		Debug|Any CPU = Debug|Any CPU
		Debug|x64 = Debug|x64
		Release|Any CPU = Release|Any CPU
		Release|x64 = Release|x64
	EndGlobalSection
	GlobalSection(ProjectConfigurationPlatforms) = postSolution
		{F32DB387-E23A-4D4C-8E1E-1651ABF55E01}.Debug|Any CPU.ActiveCfg = Debug|Any CPU
		{F32DB387-E23A-4D4C-8E1E-1651ABF55E01}.Debug|Any CPU.Build.0 = Debug|Any CPU
		{F32DB387-E23A-4D4C-8E1E-1651ABF55E01}.Debug|x64.ActiveCfg = Debug|x64
		{F32DB387-E23A-4D4C-8E1E-1651ABF55E01}.Debug|x64.Build.0 = Debug|x64
		{F32DB387-E23A-4D4C-8E1E-1651ABF55E01}.Release|Any CPU.ActiveCfg = Release|Any CPU
		{F32DB387-E23A-4D4C-8E1E-1651ABF55E01}.Release|Any CPU.Build.0 = Release|Any CPU
		{F32DB387-E23A-4D4C-8E1E-1651ABF55E01}.Release|x64.ActiveCfg = Release|x64
		{F32DB387-E23A-4D4C-8E1E-1651ABF55E01}.Release|x64.Build.0 = Release|x64
	EndGlobalSection
	GlobalSection(SolutionProperties) = preSolution
		HideSolutionNode = FALSE
	EndGlobalSection
	GlobalSection(ExtensibilityGlobals) = postSolution
		SolutionGuid = {1A411950-ABED-4092-A860-40275FF31685}
	EndGlobalSection
	GlobalSection(TeamFoundationVersionControl) = preSolution
		SccNumberOfProjects = 2
		SccEnterpriseProvider = {4CA58AB2-18FA-4F8D-95D4-32DDF27D184C}
		SccTeamFoundationServer = https://payerportfolio.visualstudio.com/
		SccLocalPath0 = .
		SccProjectUniqueName1 = UserAccountMigration.csproj
		SccLocalPath1 = .
	EndGlobalSection
EndGlobal
