
Microsoft Visual Studio Solution File, Format Version 12.00
# Visual Studio 15
VisualStudioVersion = 15.0.28307.136
MinimumVisualStudioVersion = 10.0.40219.1
Project("{FAE04EC0-301F-11D3-BF4B-00C04F79EFBC}") = "SendGridTester", "SendGridTester.csproj", "{D16F5A50-1CCD-4061-A4F7-89BA75E35E2F}"
EndProject
Global
	GlobalSection(SolutionConfigurationPlatforms) = preSolution
		Debug|Any CPU = Debug|Any CPU
		Release|Any CPU = Release|Any CPU
	EndGlobalSection
	GlobalSection(ProjectConfigurationPlatforms) = postSolution
		{D16F5A50-1CCD-4061-A4F7-89BA75E35E2F}.Debug|Any CPU.ActiveCfg = Debug|Any CPU
		{D16F5A50-1CCD-4061-A4F7-89BA75E35E2F}.Debug|Any CPU.Build.0 = Debug|Any CPU
		{D16F5A50-1CCD-4061-A4F7-89BA75E35E2F}.Release|Any CPU.ActiveCfg = Release|Any CPU
		{D16F5A50-1CCD-4061-A4F7-89BA75E35E2F}.Release|Any CPU.Build.0 = Release|Any CPU
	EndGlobalSection
	GlobalSection(SolutionProperties) = preSolution
		HideSolutionNode = FALSE
	EndGlobalSection
	GlobalSection(ExtensibilityGlobals) = postSolution
		SolutionGuid = {935AEA4F-2502-4FEA-A54D-2F85D9CD3657}
	EndGlobalSection
	GlobalSection(TeamFoundationVersionControl) = preSolution
		SccNumberOfProjects = 1
		SccEnterpriseProvider = {4CA58AB2-18FA-4F8D-95D4-32DDF27D184C}
		SccTeamFoundationServer = https://evrt-tfspro.houston.dxccorp.net/tfs/tfs01
		SccProjectUniqueName0 = SendGridTester.csproj
		SccProjectName0 = .
		SccAuxPath0 = https://evrt-tfspro.houston.dxccorp.net/tfs/tfs01
		SccLocalPath0 = .
		SccProvider0 = {4CA58AB2-18FA-4F8D-95D4-32DDF27D184C}
	EndGlobalSection
EndGlobal
