
Microsoft Visual Studio Solution File, Format Version 12.00
# Visual Studio 15
VisualStudioVersion = 15.0.28307.329
MinimumVisualStudioVersion = 10.0.40219.1
Project("{FAE04EC0-301F-11D3-BF4B-00C04F79EFBC}") = "SSRSImportExportWizard", "SSRSImportExportWizard\SSRSImportExportWizard.csproj", "{90E5AD73-A882-43FE-A5F3-819084340A5F}"
EndProject
Project("{FAE04EC0-301F-11D3-BF4B-00C04F79EFBC}") = "SSRSImportExportConsole", "SSRSImportExportConsole\SSRSImportExportConsole.csproj", "{9BCF51BF-C4F6-4691-B644-52796EB54039}"
EndProject
Project("{2150E333-8FDC-42A3-9474-1A3956D46DE8}") = "Solution Items", "Solution Items", "{AC59A309-83CD-4A07-8273-CF1EB504B768}"
	ProjectSection(SolutionItems) = preProject
		DownloadReports.ps1 = DownloadReports.ps1
		ReportMap.xml = ReportMap.xml
	EndProjectSection
EndProject
Project("{FAE04EC0-301F-11D3-BF4B-00C04F79EFBC}") = "SSRSImportExportWizardTest", "SSRSImportExportWizardTest\SSRSImportExportWizardTest.csproj", "{E15BED41-8EA9-4043-A4EF-99F0C0A44E7E}"
EndProject
Project("{FAE04EC0-301F-11D3-BF4B-00C04F79EFBC}") = "SSRSImportExportWizardDocumentation", "SSRSImportExportWizardDocumentation\SSRSImportExportWizardDocumentation.csproj", "{E9AB9D5D-DF0C-49F2-9316-8F4AE3C1488E}"
EndProject
Global
	GlobalSection(SolutionConfigurationPlatforms) = preSolution
		Debug|Any CPU = Debug|Any CPU
		Release|Any CPU = Release|Any CPU
	EndGlobalSection
	GlobalSection(ProjectConfigurationPlatforms) = postSolution
		{90E5AD73-A882-43FE-A5F3-819084340A5F}.Debug|Any CPU.ActiveCfg = Debug|Any CPU
		{90E5AD73-A882-43FE-A5F3-819084340A5F}.Debug|Any CPU.Build.0 = Debug|Any CPU
		{90E5AD73-A882-43FE-A5F3-819084340A5F}.Release|Any CPU.ActiveCfg = Release|Any CPU
		{90E5AD73-A882-43FE-A5F3-819084340A5F}.Release|Any CPU.Build.0 = Release|Any CPU
		{9BCF51BF-C4F6-4691-B644-52796EB54039}.Debug|Any CPU.ActiveCfg = Debug|Any CPU
		{9BCF51BF-C4F6-4691-B644-52796EB54039}.Debug|Any CPU.Build.0 = Debug|Any CPU
		{9BCF51BF-C4F6-4691-B644-52796EB54039}.Release|Any CPU.ActiveCfg = Release|Any CPU
		{9BCF51BF-C4F6-4691-B644-52796EB54039}.Release|Any CPU.Build.0 = Release|Any CPU
		{E15BED41-8EA9-4043-A4EF-99F0C0A44E7E}.Debug|Any CPU.ActiveCfg = Debug|Any CPU
		{E15BED41-8EA9-4043-A4EF-99F0C0A44E7E}.Debug|Any CPU.Build.0 = Debug|Any CPU
		{E15BED41-8EA9-4043-A4EF-99F0C0A44E7E}.Release|Any CPU.ActiveCfg = Release|Any CPU
		{E15BED41-8EA9-4043-A4EF-99F0C0A44E7E}.Release|Any CPU.Build.0 = Release|Any CPU
		{E9AB9D5D-DF0C-49F2-9316-8F4AE3C1488E}.Debug|Any CPU.ActiveCfg = Debug|Any CPU
		{E9AB9D5D-DF0C-49F2-9316-8F4AE3C1488E}.Debug|Any CPU.Build.0 = Debug|Any CPU
		{E9AB9D5D-DF0C-49F2-9316-8F4AE3C1488E}.Release|Any CPU.ActiveCfg = Release|Any CPU
		{E9AB9D5D-DF0C-49F2-9316-8F4AE3C1488E}.Release|Any CPU.Build.0 = Release|Any CPU
	EndGlobalSection
	GlobalSection(SolutionProperties) = preSolution
		HideSolutionNode = FALSE
	EndGlobalSection
	GlobalSection(ExtensibilityGlobals) = postSolution
		SolutionGuid = {E76AF091-B6D4-427D-85FE-FE749089947C}
	EndGlobalSection
	GlobalSection(TeamFoundationVersionControl) = preSolution
		SccNumberOfProjects = 5
		SccEnterpriseProvider = {4CA58AB2-18FA-4F8D-95D4-32DDF27D184C}
		SccTeamFoundationServer = https://evrt-tfspro.houston.dxccorp.net/tfs/tfs01
		SccLocalPath0 = .
		SccProjectUniqueName1 = SSRSImportExportWizard\\SSRSImportExportWizard.csproj
		SccProjectName1 = SSRSImportExportWizard
		SccLocalPath1 = SSRSImportExportWizard
		SccProjectUniqueName2 = SSRSImportExportConsole\\SSRSImportExportConsole.csproj
		SccProjectName2 = SSRSImportExportConsole
		SccLocalPath2 = SSRSImportExportConsole
		SccProjectUniqueName3 = SSRSImportExportWizardTest\\SSRSImportExportWizardTest.csproj
		SccProjectName3 = SSRSImportExportWizardTest
		SccLocalPath3 = SSRSImportExportWizardTest
		SccProjectUniqueName4 = SSRSImportExportWizardDocumentation\\SSRSImportExportWizardDocumentation.csproj
		SccProjectName4 = SSRSImportExportWizardDocumentation
		SccLocalPath4 = SSRSImportExportWizardDocumentation
	EndGlobalSection
EndGlobal
