
Microsoft Visual Studio Solution File, Format Version 12.00
# Visual Studio Version 16
VisualStudioVersion = 16.0.30330.147
MinimumVisualStudioVersion = 10.0.40219.1
Project("{FAE04EC0-301F-11D3-BF4B-00C04F79EFBC}") = "QueryLoggingReconciliationUtility.Console", "QueryLoggingReconciliationUtility\QueryLoggingReconciliationUtility.Console.csproj", "{773CBC05-FB66-41D6-8830-7BEA927B7221}"
EndProject
Project("{FAE04EC0-301F-11D3-BF4B-00C04F79EFBC}") = "QueryLoggingReconciliationUtility.GUI", "QueryLoggingReconciliationUtility.GUI\QueryLoggingReconciliationUtility.GUI.csproj", "{7B97FF53-080A-4532-B3ED-27B3BAA2AC21}"
EndProject
Global
	GlobalSection(SolutionConfigurationPlatforms) = preSolution
		Debug|Any CPU = Debug|Any CPU
		Release|Any CPU = Release|Any CPU
	EndGlobalSection
	GlobalSection(ProjectConfigurationPlatforms) = postSolution
		{773CBC05-FB66-41D6-8830-7BEA927B7221}.Debug|Any CPU.ActiveCfg = Debug|Any CPU
		{773CBC05-FB66-41D6-8830-7BEA927B7221}.Debug|Any CPU.Build.0 = Debug|Any CPU
		{773CBC05-FB66-41D6-8830-7BEA927B7221}.Release|Any CPU.ActiveCfg = Release|Any CPU
		{773CBC05-FB66-41D6-8830-7BEA927B7221}.Release|Any CPU.Build.0 = Release|Any CPU
		{7B97FF53-080A-4532-B3ED-27B3BAA2AC21}.Debug|Any CPU.ActiveCfg = Debug|Any CPU
		{7B97FF53-080A-4532-B3ED-27B3BAA2AC21}.Debug|Any CPU.Build.0 = Debug|Any CPU
		{7B97FF53-080A-4532-B3ED-27B3BAA2AC21}.Release|Any CPU.ActiveCfg = Release|Any CPU
		{7B97FF53-080A-4532-B3ED-27B3BAA2AC21}.Release|Any CPU.Build.0 = Release|Any CPU
	EndGlobalSection
	GlobalSection(SolutionProperties) = preSolution
		HideSolutionNode = FALSE
	EndGlobalSection
	GlobalSection(ExtensibilityGlobals) = postSolution
		SolutionGuid = {BEE91554-F9C0-4C99-BFC5-42193231D0CA}
	EndGlobalSection
EndGlobal
