
Microsoft Visual Studio Solution File, Format Version 12.00
# Visual Studio 15
VisualStudioVersion = 15.0.27703.2000
MinimumVisualStudioVersion = 10.0.40219.1
Project("{FAE04EC0-301F-11D3-BF4B-00C04F79EFBC}") = "HP.HSP.UA3.Utilities.X12OOPViewer", "HP.HSP.UA3.Utilities.X12OOPViewer\HP.HSP.UA3.Utilities.X12OOPViewer.csproj", "{C6BCD75F-0481-40C2-8E17-28A1C90CF508}"
EndProject
Global
	GlobalSection(SolutionConfigurationPlatforms) = preSolution
		Debug|Any CPU = Debug|Any CPU
		Release|Any CPU = Release|Any CPU
	EndGlobalSection
	GlobalSection(ProjectConfigurationPlatforms) = postSolution
		{C6BCD75F-0481-40C2-8E17-28A1C90CF508}.Debug|Any CPU.ActiveCfg = Debug|Any CPU
		{C6BCD75F-0481-40C2-8E17-28A1C90CF508}.Debug|Any CPU.Build.0 = Debug|Any CPU
		{C6BCD75F-0481-40C2-8E17-28A1C90CF508}.Release|Any CPU.ActiveCfg = Release|Any CPU
		{C6BCD75F-0481-40C2-8E17-28A1C90CF508}.Release|Any CPU.Build.0 = Release|Any CPU
	EndGlobalSection
	GlobalSection(SolutionProperties) = preSolution
		HideSolutionNode = FALSE
	EndGlobalSection
	GlobalSection(ExtensibilityGlobals) = postSolution
		SolutionGuid = {D7E04D8D-9920-46B8-AFFB-756E27BD936A}
	EndGlobalSection
	GlobalSection(TeamFoundationVersionControl) = preSolution
		SccNumberOfProjects = 1
		SccEnterpriseProvider = {4CA58AB2-18FA-4F8D-95D4-32DDF27D184C}
		SccTeamFoundationServer = https://PayerPortfolio.visualstudio.com/
		SccProjectUniqueName0 = HP.HSP.UA3.Utilities.X12OOPViewer\\HP.HSP.UA3.Utilities.X12OOPViewer.csproj
		SccProjectName0 = HP.HSP.UA3.Utilities.X12OOPViewer
		SccAuxPath0 = https://PayerPortfolio.visualstudio.com/
		SccLocalPath0 = HP.HSP.UA3.Utilities.X12OOPViewer
		SccProvider0 = {4CA58AB2-18FA-4F8D-95D4-32DDF27D184C}
	EndGlobalSection
EndGlobal
