
Microsoft Visual Studio Solution File, Format Version 12.00
# Visual Studio Version 16
VisualStudioVersion = 16.0.30523.141
MinimumVisualStudioVersion = 10.0.40219.1
Project("{FAE04EC0-301F-11D3-BF4B-00C04F79EFBC}") = "AppConfigLoader", "AppConfigLoader\AppConfigLoader.csproj", "{A217C12B-5727-4085-9405-2C8E02BA0FC9}"
EndProject
Global
	GlobalSection(SolutionConfigurationPlatforms) = preSolution
		Debug|Any CPU = Debug|Any CPU
		Release|Any CPU = Release|Any CPU
	EndGlobalSection
	GlobalSection(ProjectConfigurationPlatforms) = postSolution
		{A217C12B-5727-4085-9405-2C8E02BA0FC9}.Debug|Any CPU.ActiveCfg = Debug|Any CPU
		{A217C12B-5727-4085-9405-2C8E02BA0FC9}.Debug|Any CPU.Build.0 = Debug|Any CPU
		{A217C12B-5727-4085-9405-2C8E02BA0FC9}.Release|Any CPU.ActiveCfg = Release|Any CPU
		{A217C12B-5727-4085-9405-2C8E02BA0FC9}.Release|Any CPU.Build.0 = Release|Any CPU
	EndGlobalSection
	GlobalSection(SolutionProperties) = preSolution
		HideSolutionNode = FALSE
	EndGlobalSection
	GlobalSection(ExtensibilityGlobals) = postSolution
		SolutionGuid = {EC956DE3-33D4-4E45-9180-1C5D9CA623A9}
	EndGlobalSection
EndGlobal
