
Microsoft Visual Studio Solution File, Format Version 12.00
# Visual Studio 15
VisualStudioVersion = 15.0.28010.2019
MinimumVisualStudioVersion = 10.0.40219.1
Project("{FAE04EC0-301F-11D3-BF4B-00C04F79EFBC}") = "Log4NetTester", "Log4NetTester.csproj", "{0F75014B-7494-4044-A99F-76A9EEE66280}"
EndProject
Project("{2150E333-8FDC-42A3-9474-1A3956D46DE8}") = "Solution Items", "Solution Items", "{1D6D13CF-9121-4E92-8F53-7F7D8521909D}"
	ProjectSection(SolutionItems) = preProject
		AddAppEventLogEntry.reg = AddAppEventLogEntry.reg
		nuget.config = nuget.config
	EndProjectSection
EndProject
Global
	GlobalSection(SolutionConfigurationPlatforms) = preSolution
		Debug|Any CPU = Debug|Any CPU
		Release|Any CPU = Release|Any CPU
	EndGlobalSection
	GlobalSection(ProjectConfigurationPlatforms) = postSolution
		{0F75014B-7494-4044-A99F-76A9EEE66280}.Debug|Any CPU.ActiveCfg = Debug|Any CPU
		{0F75014B-7494-4044-A99F-76A9EEE66280}.Debug|Any CPU.Build.0 = Debug|Any CPU
		{0F75014B-7494-4044-A99F-76A9EEE66280}.Release|Any CPU.ActiveCfg = Release|Any CPU
		{0F75014B-7494-4044-A99F-76A9EEE66280}.Release|Any CPU.Build.0 = Release|Any CPU
	EndGlobalSection
	GlobalSection(SolutionProperties) = preSolution
		HideSolutionNode = FALSE
	EndGlobalSection
	GlobalSection(ExtensibilityGlobals) = postSolution
		SolutionGuid = {1B24CF00-B0B4-402D-9A83-CB8134230F87}
	EndGlobalSection
	GlobalSection(TeamFoundationVersionControl) = preSolution
		SccNumberOfProjects = 2
		SccEnterpriseProvider = {4CA58AB2-18FA-4F8D-95D4-32DDF27D184C}
		SccTeamFoundationServer = https://payerportfolio.visualstudio.com/
		SccLocalPath0 = .
		SccProjectUniqueName1 = Log4NetTester.csproj
		SccLocalPath1 = .
	EndGlobalSection
EndGlobal
