
Microsoft Visual Studio Solution File, Format Version 12.00
# Visual Studio Version 16
VisualStudioVersion = 16.0.31025.194
MinimumVisualStudioVersion = 10.0.40219.1
Project("{FAE04EC0-301F-11D3-BF4B-00C04F79EFBC}") = "WorklistServiceWithManagedUsers", "WorklistServiceWithManagedUsers.csproj", "{5EEDFEA7-9986-4E11-B9F3-A12BA84F2721}"
EndProject
Global
	GlobalSection(SolutionConfigurationPlatforms) = preSolution
		Debug|Any CPU = Debug|Any CPU
		Release|Any CPU = Release|Any CPU
	EndGlobalSection
	GlobalSection(ProjectConfigurationPlatforms) = postSolution
		{5EEDFEA7-9986-4E11-B9F3-A12BA84F2721}.Debug|Any CPU.ActiveCfg = Release|Any CPU
		{5EEDFEA7-9986-4E11-B9F3-A12BA84F2721}.Debug|Any CPU.Build.0 = Release|Any CPU
		{5EEDFEA7-9986-4E11-B9F3-A12BA84F2721}.Release|Any CPU.ActiveCfg = Release|Any CPU
		{5EEDFEA7-9986-4E11-B9F3-A12BA84F2721}.Release|Any CPU.Build.0 = Release|Any CPU
	EndGlobalSection
	GlobalSection(SolutionProperties) = preSolution
		HideSolutionNode = FALSE
	EndGlobalSection
	GlobalSection(ExtensibilityGlobals) = postSolution
		SolutionGuid = {8D9C9480-B4AD-4D21-BF12-06141B850A1E}
	EndGlobalSection
	GlobalSection(TeamFoundationVersionControl) = preSolution
		SccNumberOfProjects = 2
		SccEnterpriseProvider = {4CA58AB2-18FA-4F8D-95D4-32DDF27D184C}
		SccTeamFoundationServer = https://payerportfolio.visualstudio.com/
		SccLocalPath0 = .
		SccProjectUniqueName1 = WorklistServiceWithManagedUsers.csproj
		SccLocalPath1 = .
	EndGlobalSection
EndGlobal
