
Microsoft Visual Studio Solution File, Format Version 12.00
# Visual Studio 15
VisualStudioVersion = 15.0.27130.2036
MinimumVisualStudioVersion = 10.0.40219.1
Project("{2150E333-8FDC-42A3-9474-1A3956D46DE8}") = "Solution Items", "Solution Items", "{4CC1E7AD-0A25-456E-AAD5-3B30A45D58BF}"
	ProjectSection(SolutionItems) = preProject
		nuget.config = nuget.config
		WinService.cmd = WinService.cmd
	EndProjectSection
EndProject
Project("{FAE04EC0-301F-11D3-BF4B-00C04F79EFBC}") = "WarmUpProvider.Service", "WarmUpProvider.Service\WarmUpProvider.Service.csproj", "{5A7BC511-D830-4651-A264-62CA9A820E59}"
EndProject
Project("{FAE04EC0-301F-11D3-BF4B-00C04F79EFBC}") = "WarmUpProvider.Console", "WarmUpProvider.Console\WarmUpProvider.Console.csproj", "{103F2FC5-0E0E-4F76-8F65-70A5BA5491B7}"
EndProject
Project("{FAE04EC0-301F-11D3-BF4B-00C04F79EFBC}") = "WarmUpProvider", "WarmUpProvider\WarmUpProvider.csproj", "{2564A433-6EB4-4B76-8190-4F3E5809D097}"
EndProject
Project("{A07B5EB6-E848-4116-A8D0-A826331D98C6}") = "WarmUpProvider.Main", "WarmUpProvider.Main\WarmUpProvider.Main.sfproj", "{EA511483-D146-47DE-AABD-71358CB38A09}"
EndProject
Project("{FAE04EC0-301F-11D3-BF4B-00C04F79EFBC}") = "WarmUpProvider.Main.Service", "WarmUpProvider.Main.Service\WarmUpProvider.Main.Service.csproj", "{986B1A51-D081-4F80-9D6F-BCC23F1AB13B}"
EndProject
Global
	GlobalSection(SolutionConfigurationPlatforms) = preSolution
		Debug|Any CPU = Debug|Any CPU
		Debug|x64 = Debug|x64
		Release|Any CPU = Release|Any CPU
		Release|x64 = Release|x64
	EndGlobalSection
	GlobalSection(ProjectConfigurationPlatforms) = postSolution
		{5A7BC511-D830-4651-A264-62CA9A820E59}.Debug|Any CPU.ActiveCfg = Debug|Any CPU
		{5A7BC511-D830-4651-A264-62CA9A820E59}.Debug|Any CPU.Build.0 = Debug|Any CPU
		{5A7BC511-D830-4651-A264-62CA9A820E59}.Debug|x64.ActiveCfg = Debug|x64
		{5A7BC511-D830-4651-A264-62CA9A820E59}.Debug|x64.Build.0 = Debug|x64
		{5A7BC511-D830-4651-A264-62CA9A820E59}.Release|Any CPU.ActiveCfg = Release|Any CPU
		{5A7BC511-D830-4651-A264-62CA9A820E59}.Release|Any CPU.Build.0 = Release|Any CPU
		{5A7BC511-D830-4651-A264-62CA9A820E59}.Release|x64.ActiveCfg = Release|Any CPU
		{5A7BC511-D830-4651-A264-62CA9A820E59}.Release|x64.Build.0 = Release|Any CPU
		{103F2FC5-0E0E-4F76-8F65-70A5BA5491B7}.Debug|Any CPU.ActiveCfg = Debug|Any CPU
		{103F2FC5-0E0E-4F76-8F65-70A5BA5491B7}.Debug|Any CPU.Build.0 = Debug|Any CPU
		{103F2FC5-0E0E-4F76-8F65-70A5BA5491B7}.Debug|x64.ActiveCfg = Debug|x64
		{103F2FC5-0E0E-4F76-8F65-70A5BA5491B7}.Debug|x64.Build.0 = Debug|x64
		{103F2FC5-0E0E-4F76-8F65-70A5BA5491B7}.Release|Any CPU.ActiveCfg = Release|Any CPU
		{103F2FC5-0E0E-4F76-8F65-70A5BA5491B7}.Release|Any CPU.Build.0 = Release|Any CPU
		{103F2FC5-0E0E-4F76-8F65-70A5BA5491B7}.Release|x64.ActiveCfg = Release|x64
		{103F2FC5-0E0E-4F76-8F65-70A5BA5491B7}.Release|x64.Build.0 = Release|x64
		{2564A433-6EB4-4B76-8190-4F3E5809D097}.Debug|Any CPU.ActiveCfg = Debug|Any CPU
		{2564A433-6EB4-4B76-8190-4F3E5809D097}.Debug|Any CPU.Build.0 = Debug|Any CPU
		{2564A433-6EB4-4B76-8190-4F3E5809D097}.Debug|x64.ActiveCfg = Debug|Any CPU
		{2564A433-6EB4-4B76-8190-4F3E5809D097}.Debug|x64.Build.0 = Debug|Any CPU
		{2564A433-6EB4-4B76-8190-4F3E5809D097}.Release|Any CPU.ActiveCfg = Release|Any CPU
		{2564A433-6EB4-4B76-8190-4F3E5809D097}.Release|Any CPU.Build.0 = Release|Any CPU
		{2564A433-6EB4-4B76-8190-4F3E5809D097}.Release|x64.ActiveCfg = Release|Any CPU
		{2564A433-6EB4-4B76-8190-4F3E5809D097}.Release|x64.Build.0 = Release|Any CPU
		{EA511483-D146-47DE-AABD-71358CB38A09}.Debug|Any CPU.ActiveCfg = Debug|x64
		{EA511483-D146-47DE-AABD-71358CB38A09}.Debug|x64.ActiveCfg = Debug|x64
		{EA511483-D146-47DE-AABD-71358CB38A09}.Debug|x64.Build.0 = Debug|x64
		{EA511483-D146-47DE-AABD-71358CB38A09}.Debug|x64.Deploy.0 = Debug|x64
		{EA511483-D146-47DE-AABD-71358CB38A09}.Release|Any CPU.ActiveCfg = Release|x64
		{EA511483-D146-47DE-AABD-71358CB38A09}.Release|x64.ActiveCfg = Release|x64
		{EA511483-D146-47DE-AABD-71358CB38A09}.Release|x64.Build.0 = Release|x64
		{EA511483-D146-47DE-AABD-71358CB38A09}.Release|x64.Deploy.0 = Release|x64
		{986B1A51-D081-4F80-9D6F-BCC23F1AB13B}.Debug|Any CPU.ActiveCfg = Debug|x64
		{986B1A51-D081-4F80-9D6F-BCC23F1AB13B}.Debug|x64.ActiveCfg = Debug|x64
		{986B1A51-D081-4F80-9D6F-BCC23F1AB13B}.Debug|x64.Build.0 = Debug|x64
		{986B1A51-D081-4F80-9D6F-BCC23F1AB13B}.Release|Any CPU.ActiveCfg = Release|x64
		{986B1A51-D081-4F80-9D6F-BCC23F1AB13B}.Release|x64.ActiveCfg = Release|x64
		{986B1A51-D081-4F80-9D6F-BCC23F1AB13B}.Release|x64.Build.0 = Release|x64
	EndGlobalSection
	GlobalSection(SolutionProperties) = preSolution
		HideSolutionNode = FALSE
	EndGlobalSection
	GlobalSection(ExtensibilityGlobals) = postSolution
		SolutionGuid = {D2ABE49B-9088-4701-B221-A3AB77BE20DF}
	EndGlobalSection
	GlobalSection(TeamFoundationVersionControl) = preSolution
		SccNumberOfProjects = 6
		SccEnterpriseProvider = {4CA58AB2-18FA-4F8D-95D4-32DDF27D184C}
		SccTeamFoundationServer = https://payerportfolio.visualstudio.com/
		SccLocalPath0 = .
		SccProjectUniqueName1 = WarmUpProvider.Service\\WarmUpProvider.Service.csproj
		SccProjectName1 = WarmUpProvider.Service
		SccLocalPath1 = WarmUpProvider.Service
		SccProjectUniqueName2 = WarmUpProvider.Console\\WarmUpProvider.Console.csproj
		SccProjectName2 = WarmUpProvider.Console
		SccLocalPath2 = WarmUpProvider.Console
		SccProjectUniqueName3 = WarmUpProvider\\WarmUpProvider.csproj
		SccProjectName3 = WarmUpProvider
		SccLocalPath3 = WarmUpProvider
		SccProjectUniqueName4 = WarmUpProvider.Main\\WarmUpProvider.Main.sfproj
		SccProjectName4 = WarmUpProvider.Main
		SccLocalPath4 = WarmUpProvider.Main
		SccProjectUniqueName5 = WarmUpProvider.Main.Service\\WarmUpProvider.Main.Service.csproj
		SccProjectName5 = WarmUpProvider.Main.Service
		SccLocalPath5 = WarmUpProvider.Main.Service
	EndGlobalSection
EndGlobal
